
Microsoft Visual Studio Solution File, Format Version 12.00
# Visual Studio Version 16
VisualStudioVersion = 16.0.29326.143
MinimumVisualStudioVersion = 10.0.40219.1
Project("{FAE04EC0-301F-11D3-BF4B-00C04F79EFBC}") = "BlackJackGame_Studeren", "BlackJackGame_Studeren.csproj", "{F4FF470B-120C-40C7-9A28-5EB368BEE047}"
EndProject
Project("{FAE04EC0-301F-11D3-BF4B-00C04F79EFBC}") = "BlackJackGame_Studeren.Tests", "..\BlackJackGame_Studeren.Tests\BlackJackGame_Studeren.Tests.csproj", "{6B9E5837-B51A-4043-BD19-CD210455ED48}"
EndProject
Global
	GlobalSection(SolutionConfigurationPlatforms) = preSolution
		Debug|Any CPU = Debug|Any CPU
		Release|Any CPU = Release|Any CPU
	EndGlobalSection
	GlobalSection(ProjectConfigurationPlatforms) = postSolution
		{F4FF470B-120C-40C7-9A28-5EB368BEE047}.Debug|Any CPU.ActiveCfg = Debug|Any CPU
		{F4FF470B-120C-40C7-9A28-5EB368BEE047}.Debug|Any CPU.Build.0 = Debug|Any CPU
		{F4FF470B-120C-40C7-9A28-5EB368BEE047}.Release|Any CPU.ActiveCfg = Release|Any CPU
		{F4FF470B-120C-40C7-9A28-5EB368BEE047}.Release|Any CPU.Build.0 = Release|Any CPU
		{6B9E5837-B51A-4043-BD19-CD210455ED48}.Debug|Any CPU.ActiveCfg = Debug|Any CPU
		{6B9E5837-B51A-4043-BD19-CD210455ED48}.Debug|Any CPU.Build.0 = Debug|Any CPU
		{6B9E5837-B51A-4043-BD19-CD210455ED48}.Release|Any CPU.ActiveCfg = Release|Any CPU
		{6B9E5837-B51A-4043-BD19-CD210455ED48}.Release|Any CPU.Build.0 = Release|Any CPU
	EndGlobalSection
	GlobalSection(SolutionProperties) = preSolution
		HideSolutionNode = FALSE
	EndGlobalSection
	GlobalSection(ExtensibilityGlobals) = postSolution
		SolutionGuid = {F210E5AB-78D9-47A4-B09B-EEE87DF27D83}
	EndGlobalSection
EndGlobal
